
Microsoft Visual Studio Solution File, Format Version 12.00
# Visual Studio Version 17
VisualStudioVersion = 17.3.32825.248
MinimumVisualStudioVersion = 10.0.40219.1
Project("{FAE04EC0-301F-11D3-BF4B-00C04F79EFBC}") = "CleanArchitecture.ConsoleApp", "CleanArchitecture.ConsoleApp\CleanArchitecture.ConsoleApp.csproj", "{A037ABAF-AC91-4631-B507-FB8CCB8FF333}"
EndProject
Project("{FAE04EC0-301F-11D3-BF4B-00C04F79EFBC}") = "CleanArchitecture.Data", "CleanArchitecture.Data\CleanArchitecture.Data.csproj", "{6D4C2C92-2F71-440E-93F3-0031FB43F2F2}"
EndProject
Project("{FAE04EC0-301F-11D3-BF4B-00C04F79EFBC}") = "CleanArchitecture.Domain", "CleanArchitecture.Domain\CleanArchitecture.Domain.csproj", "{9594462B-056E-45D5-BCFB-5C725D3611FA}"
EndProject
Global
	GlobalSection(SolutionConfigurationPlatforms) = preSolution
		Debug|Any CPU = Debug|Any CPU
		Release|Any CPU = Release|Any CPU
	EndGlobalSection
	GlobalSection(ProjectConfigurationPlatforms) = postSolution
		{A037ABAF-AC91-4631-B507-FB8CCB8FF333}.Debug|Any CPU.ActiveCfg = Debug|Any CPU
		{A037ABAF-AC91-4631-B507-FB8CCB8FF333}.Debug|Any CPU.Build.0 = Debug|Any CPU
		{A037ABAF-AC91-4631-B507-FB8CCB8FF333}.Release|Any CPU.ActiveCfg = Release|Any CPU
		{A037ABAF-AC91-4631-B507-FB8CCB8FF333}.Release|Any CPU.Build.0 = Release|Any CPU
		{6D4C2C92-2F71-440E-93F3-0031FB43F2F2}.Debug|Any CPU.ActiveCfg = Debug|Any CPU
		{6D4C2C92-2F71-440E-93F3-0031FB43F2F2}.Debug|Any CPU.Build.0 = Debug|Any CPU
		{6D4C2C92-2F71-440E-93F3-0031FB43F2F2}.Release|Any CPU.ActiveCfg = Release|Any CPU
		{6D4C2C92-2F71-440E-93F3-0031FB43F2F2}.Release|Any CPU.Build.0 = Release|Any CPU
		{9594462B-056E-45D5-BCFB-5C725D3611FA}.Debug|Any CPU.ActiveCfg = Debug|Any CPU
		{9594462B-056E-45D5-BCFB-5C725D3611FA}.Debug|Any CPU.Build.0 = Debug|Any CPU
		{9594462B-056E-45D5-BCFB-5C725D3611FA}.Release|Any CPU.ActiveCfg = Release|Any CPU
		{9594462B-056E-45D5-BCFB-5C725D3611FA}.Release|Any CPU.Build.0 = Release|Any CPU
	EndGlobalSection
	GlobalSection(SolutionProperties) = preSolution
		HideSolutionNode = FALSE
	EndGlobalSection
	GlobalSection(ExtensibilityGlobals) = postSolution
		SolutionGuid = {2D52B40D-6D29-460D-957B-0A67F40FE80E}
	EndGlobalSection
EndGlobal
