
Microsoft Visual Studio Solution File, Format Version 12.00
# Visual Studio Version 17
VisualStudioVersion = 17.3.32825.248
MinimumVisualStudioVersion = 10.0.40219.1
Project("{9A19103F-16F7-4668-BE54-9A1E7A4F7556}") = "CleanArchitecture.Infraestructure", "CleanArchitecture.Data\CleanArchitecture.Infraestructure.csproj", "{6D4C2C92-2F71-440E-93F3-0031FB43F2F2}"
EndProject
Project("{9A19103F-16F7-4668-BE54-9A1E7A4F7556}") = "CleanArchitecture.Domain", "CleanArchitecture.Domain\CleanArchitecture.Domain.csproj", "{9594462B-056E-45D5-BCFB-5C725D3611FA}"
EndProject
Project("{2150E333-8FDC-42A3-9474-1A3956D46DE8}") = "src", "src", "{A97E8286-4C3D-4039-91A0-947AF015B011}"
EndProject
Project("{2150E333-8FDC-42A3-9474-1A3956D46DE8}") = "API", "API", "{62F48123-CE18-4B0E-A041-70984BA2C3AC}"
EndProject
Project("{2150E333-8FDC-42A3-9474-1A3956D46DE8}") = "Core", "Core", "{0951DB6B-92C6-4050-B9F0-E0CDDA8D9835}"
EndProject
Project("{2150E333-8FDC-42A3-9474-1A3956D46DE8}") = "Infraestructure", "Infraestructure", "{83D5B58B-60AD-4ACE-804A-7D5248E13453}"
EndProject
Project("{2150E333-8FDC-42A3-9474-1A3956D46DE8}") = "doc", "doc", "{C301ED1E-2F17-460C-B0A0-F4A76FDC3C56}"
EndProject
Project("{2150E333-8FDC-42A3-9474-1A3956D46DE8}") = "test", "test", "{561D73BB-3F8C-446F-8373-0798531A6A3F}"
EndProject
Project("{FAE04EC0-301F-11D3-BF4B-00C04F79EFBC}") = "CleanArchitecture.Application", "CleanArchitecture.Application\CleanArchitecture.Application.csproj", "{A5E947AB-87D4-4CE9-A164-5CBCD1151DA5}"
EndProject
Project("{FAE04EC0-301F-11D3-BF4B-00C04F79EFBC}") = "CleanArchitecture.API", "CleanArchitecture.API\CleanArchitecture.API.csproj", "{DAABFB29-5295-4266-99EB-2BF7E138F092}"
EndProject
Global
	GlobalSection(SolutionConfigurationPlatforms) = preSolution
		Debug|Any CPU = Debug|Any CPU
		Release|Any CPU = Release|Any CPU
	EndGlobalSection
	GlobalSection(ProjectConfigurationPlatforms) = postSolution
		{6D4C2C92-2F71-440E-93F3-0031FB43F2F2}.Debug|Any CPU.ActiveCfg = Debug|Any CPU
		{6D4C2C92-2F71-440E-93F3-0031FB43F2F2}.Debug|Any CPU.Build.0 = Debug|Any CPU
		{6D4C2C92-2F71-440E-93F3-0031FB43F2F2}.Release|Any CPU.ActiveCfg = Release|Any CPU
		{6D4C2C92-2F71-440E-93F3-0031FB43F2F2}.Release|Any CPU.Build.0 = Release|Any CPU
		{9594462B-056E-45D5-BCFB-5C725D3611FA}.Debug|Any CPU.ActiveCfg = Debug|Any CPU
		{9594462B-056E-45D5-BCFB-5C725D3611FA}.Debug|Any CPU.Build.0 = Debug|Any CPU
		{9594462B-056E-45D5-BCFB-5C725D3611FA}.Release|Any CPU.ActiveCfg = Release|Any CPU
		{9594462B-056E-45D5-BCFB-5C725D3611FA}.Release|Any CPU.Build.0 = Release|Any CPU
		{A5E947AB-87D4-4CE9-A164-5CBCD1151DA5}.Debug|Any CPU.ActiveCfg = Debug|Any CPU
		{A5E947AB-87D4-4CE9-A164-5CBCD1151DA5}.Debug|Any CPU.Build.0 = Debug|Any CPU
		{A5E947AB-87D4-4CE9-A164-5CBCD1151DA5}.Release|Any CPU.ActiveCfg = Release|Any CPU
		{A5E947AB-87D4-4CE9-A164-5CBCD1151DA5}.Release|Any CPU.Build.0 = Release|Any CPU
		{DAABFB29-5295-4266-99EB-2BF7E138F092}.Debug|Any CPU.ActiveCfg = Debug|Any CPU
		{DAABFB29-5295-4266-99EB-2BF7E138F092}.Debug|Any CPU.Build.0 = Debug|Any CPU
		{DAABFB29-5295-4266-99EB-2BF7E138F092}.Release|Any CPU.ActiveCfg = Release|Any CPU
		{DAABFB29-5295-4266-99EB-2BF7E138F092}.Release|Any CPU.Build.0 = Release|Any CPU
	EndGlobalSection
	GlobalSection(SolutionProperties) = preSolution
		HideSolutionNode = FALSE
	EndGlobalSection
	GlobalSection(NestedProjects) = preSolution
		{6D4C2C92-2F71-440E-93F3-0031FB43F2F2} = {83D5B58B-60AD-4ACE-804A-7D5248E13453}
		{9594462B-056E-45D5-BCFB-5C725D3611FA} = {0951DB6B-92C6-4050-B9F0-E0CDDA8D9835}
		{62F48123-CE18-4B0E-A041-70984BA2C3AC} = {A97E8286-4C3D-4039-91A0-947AF015B011}
		{0951DB6B-92C6-4050-B9F0-E0CDDA8D9835} = {A97E8286-4C3D-4039-91A0-947AF015B011}
		{83D5B58B-60AD-4ACE-804A-7D5248E13453} = {A97E8286-4C3D-4039-91A0-947AF015B011}
		{A5E947AB-87D4-4CE9-A164-5CBCD1151DA5} = {0951DB6B-92C6-4050-B9F0-E0CDDA8D9835}
		{DAABFB29-5295-4266-99EB-2BF7E138F092} = {62F48123-CE18-4B0E-A041-70984BA2C3AC}
	EndGlobalSection
	GlobalSection(ExtensibilityGlobals) = postSolution
		SolutionGuid = {2D52B40D-6D29-460D-957B-0A67F40FE80E}
	EndGlobalSection
EndGlobal
